
Microsoft Visual Studio Solution File, Format Version 12.00
# Visual Studio Version 17
VisualStudioVersion = 17.2.32526.322
MinimumVisualStudioVersion = 10.0.40219.1
Project("{2150E333-8FDC-42A3-9474-1A3956D46DE8}") = "_4thIR.ImageClassifyCV", "_4thIR.ImageClassifyCV", "{0E5D1A4F-BBFF-4DCC-8D0E-A540788ECEFD}"
EndProject
Project("{FAE04EC0-301F-11D3-BF4B-00C04F79EFBC}") = "_4thIR.ImageClassifyCV", "4thIR.ImageClassifyCV\_4thIR.ImageClassifyCV\_4thIR.ImageClassifyCV.csproj", "{F1F8E15A-4E70-495D-9567-B314D9DC4CA9}"
EndProject
Project("{FAE04EC0-301F-11D3-BF4B-00C04F79EFBC}") = "_4thIR.ImageClassifyCV.Activities", "4thIR.ImageClassifyCV\_4thIR.ImageClassifyCV.Activities\_4thIR.ImageClassifyCV.Activities.csproj", "{84604EDB-44A5-41CD-A656-96EBDEB28BCC}"
EndProject
Project("{FAE04EC0-301F-11D3-BF4B-00C04F79EFBC}") = "_4thIR.ImageClassifyCV.Activities.Design", "4thIR.ImageClassifyCV\_4thIR.ImageClassifyCV.Activities.Design\_4thIR.ImageClassifyCV.Activities.Design.csproj", "{F7ADC137-A66E-458B-921F-CE67BFB6A9C5}"
EndProject
Project("{2150E333-8FDC-42A3-9474-1A3956D46DE8}") = "Shared", "Shared", "{5FAC2099-C32E-49C6-914C-A0E14E65D3E0}"
EndProject
Project("{D954291E-2A0B-460D-934E-DC6B0785DB48}") = "UiPath.Shared.Activities", "Shared\UiPath.Shared.Activities\UiPath.Shared.Activities.shproj", "{4546856D-EA50-45C6-9419-EEEACB5A80AA}"
EndProject
Project("{D954291E-2A0B-460D-934E-DC6B0785DB48}") = "UiPath.Shared.Activities.Design", "Shared\UiPath.Shared.Activities.Design\UiPath.Shared.Activities.Design.shproj", "{DF9C43F0-ADD3-4FBF-995E-84B92F9CBF25}"
EndProject
Global
	GlobalSection(SolutionConfigurationPlatforms) = preSolution
		Debug|Any CPU = Debug|Any CPU
		Release|Any CPU = Release|Any CPU
	EndGlobalSection
	GlobalSection(ProjectConfigurationPlatforms) = postSolution
		{F1F8E15A-4E70-495D-9567-B314D9DC4CA9}.Debug|Any CPU.ActiveCfg = Debug|Any CPU
		{F1F8E15A-4E70-495D-9567-B314D9DC4CA9}.Debug|Any CPU.Build.0 = Debug|Any CPU
		{F1F8E15A-4E70-495D-9567-B314D9DC4CA9}.Release|Any CPU.ActiveCfg = Release|Any CPU
		{F1F8E15A-4E70-495D-9567-B314D9DC4CA9}.Release|Any CPU.Build.0 = Release|Any CPU
		{84604EDB-44A5-41CD-A656-96EBDEB28BCC}.Debug|Any CPU.ActiveCfg = Debug|Any CPU
		{84604EDB-44A5-41CD-A656-96EBDEB28BCC}.Debug|Any CPU.Build.0 = Debug|Any CPU
		{84604EDB-44A5-41CD-A656-96EBDEB28BCC}.Release|Any CPU.ActiveCfg = Release|Any CPU
		{84604EDB-44A5-41CD-A656-96EBDEB28BCC}.Release|Any CPU.Build.0 = Release|Any CPU
		{F7ADC137-A66E-458B-921F-CE67BFB6A9C5}.Debug|Any CPU.ActiveCfg = Debug|Any CPU
		{F7ADC137-A66E-458B-921F-CE67BFB6A9C5}.Debug|Any CPU.Build.0 = Debug|Any CPU
		{F7ADC137-A66E-458B-921F-CE67BFB6A9C5}.Release|Any CPU.ActiveCfg = Release|Any CPU
		{F7ADC137-A66E-458B-921F-CE67BFB6A9C5}.Release|Any CPU.Build.0 = Release|Any CPU
	EndGlobalSection
	GlobalSection(SolutionProperties) = preSolution
		HideSolutionNode = FALSE
	EndGlobalSection
	GlobalSection(NestedProjects) = preSolution
		{F1F8E15A-4E70-495D-9567-B314D9DC4CA9} = {0E5D1A4F-BBFF-4DCC-8D0E-A540788ECEFD}
		{84604EDB-44A5-41CD-A656-96EBDEB28BCC} = {0E5D1A4F-BBFF-4DCC-8D0E-A540788ECEFD}
		{F7ADC137-A66E-458B-921F-CE67BFB6A9C5} = {0E5D1A4F-BBFF-4DCC-8D0E-A540788ECEFD}
		{4546856D-EA50-45C6-9419-EEEACB5A80AA} = {5FAC2099-C32E-49C6-914C-A0E14E65D3E0}
		{DF9C43F0-ADD3-4FBF-995E-84B92F9CBF25} = {5FAC2099-C32E-49C6-914C-A0E14E65D3E0}
	EndGlobalSection
	GlobalSection(ExtensibilityGlobals) = postSolution
		SolutionGuid = {8A2B61C7-E67B-4769-B888-4C784DD55886}
	EndGlobalSection
	GlobalSection(SharedMSBuildProjectFiles) = preSolution
		Shared\UiPath.Shared.Activities\UiPath.Shared.Activities.projitems*{4546856d-ea50-45c6-9419-eeeacb5a80aa}*SharedItemsImports = 13
		Shared\UiPath.Shared.Activities\UiPath.Shared.Activities.projitems*{84604edb-44a5-41cd-a656-96ebdeb28bcc}*SharedItemsImports = 5
		Shared\UiPath.Shared.Activities.Design\UiPath.Shared.Activities.Design.projitems*{df9c43f0-add3-4fbf-995e-84b92f9cbf25}*SharedItemsImports = 13
		Shared\UiPath.Shared.Activities.Design\UiPath.Shared.Activities.Design.projitems*{f7adc137-a66e-458b-921f-ce67bfb6a9c5}*SharedItemsImports = 5
	EndGlobalSection
EndGlobal
