
Microsoft Visual Studio Solution File, Format Version 12.00
# Visual Studio Version 17
VisualStudioVersion = 17.3.32922.545
MinimumVisualStudioVersion = 10.0.40219.1
Project("{2150E333-8FDC-42A3-9474-1A3956D46DE8}") = "_4thIR.ImageClassifyVB", "_4thIR.ImageClassifyVB", "{344843E3-3EB5-4D58-9899-75D216F2FB59}"
EndProject
Project("{FAE04EC0-301F-11D3-BF4B-00C04F79EFBC}") = "_4thIR.ImageClassifyVB", "4thIR.ImageClassifyVB\_4thIR.ImageClassifyVB\_4thIR.ImageClassifyVB.csproj", "{54776686-B6D9-4BAB-961B-978CB2E8A4B5}"
EndProject
Project("{FAE04EC0-301F-11D3-BF4B-00C04F79EFBC}") = "_4thIR.ImageClassifyVB.Activities", "4thIR.ImageClassifyVB\_4thIR.ImageClassifyVB.Activities\_4thIR.ImageClassifyVB.Activities.csproj", "{C439A2B9-B37A-4094-B782-E77A542F0C8E}"
EndProject
Project("{FAE04EC0-301F-11D3-BF4B-00C04F79EFBC}") = "_4thIR.ImageClassifyVB.Activities.Design", "4thIR.ImageClassifyVB\_4thIR.ImageClassifyVB.Activities.Design\_4thIR.ImageClassifyVB.Activities.Design.csproj", "{65B5991A-0D6B-49F5-A5CD-484E2182DB8D}"
EndProject
Project("{2150E333-8FDC-42A3-9474-1A3956D46DE8}") = "Shared", "Shared", "{BC1BD071-C24C-4358-A398-28E9E387D22E}"
EndProject
Project("{D954291E-2A0B-460D-934E-DC6B0785DB48}") = "UiPath.Shared.Activities", "Shared\UiPath.Shared.Activities\UiPath.Shared.Activities.shproj", "{4546856D-EA50-45C6-9419-EEEACB5A80AA}"
EndProject
Project("{D954291E-2A0B-460D-934E-DC6B0785DB48}") = "UiPath.Shared.Activities.Design", "Shared\UiPath.Shared.Activities.Design\UiPath.Shared.Activities.Design.shproj", "{DF9C43F0-ADD3-4FBF-995E-84B92F9CBF25}"
EndProject
Global
	GlobalSection(SolutionConfigurationPlatforms) = preSolution
		Debug|Any CPU = Debug|Any CPU
		Release|Any CPU = Release|Any CPU
	EndGlobalSection
	GlobalSection(ProjectConfigurationPlatforms) = postSolution
		{54776686-B6D9-4BAB-961B-978CB2E8A4B5}.Debug|Any CPU.ActiveCfg = Debug|Any CPU
		{54776686-B6D9-4BAB-961B-978CB2E8A4B5}.Debug|Any CPU.Build.0 = Debug|Any CPU
		{54776686-B6D9-4BAB-961B-978CB2E8A4B5}.Release|Any CPU.ActiveCfg = Release|Any CPU
		{54776686-B6D9-4BAB-961B-978CB2E8A4B5}.Release|Any CPU.Build.0 = Release|Any CPU
		{C439A2B9-B37A-4094-B782-E77A542F0C8E}.Debug|Any CPU.ActiveCfg = Debug|Any CPU
		{C439A2B9-B37A-4094-B782-E77A542F0C8E}.Debug|Any CPU.Build.0 = Debug|Any CPU
		{C439A2B9-B37A-4094-B782-E77A542F0C8E}.Release|Any CPU.ActiveCfg = Release|Any CPU
		{C439A2B9-B37A-4094-B782-E77A542F0C8E}.Release|Any CPU.Build.0 = Release|Any CPU
		{65B5991A-0D6B-49F5-A5CD-484E2182DB8D}.Debug|Any CPU.ActiveCfg = Debug|Any CPU
		{65B5991A-0D6B-49F5-A5CD-484E2182DB8D}.Debug|Any CPU.Build.0 = Debug|Any CPU
		{65B5991A-0D6B-49F5-A5CD-484E2182DB8D}.Release|Any CPU.ActiveCfg = Release|Any CPU
		{65B5991A-0D6B-49F5-A5CD-484E2182DB8D}.Release|Any CPU.Build.0 = Release|Any CPU
	EndGlobalSection
	GlobalSection(SolutionProperties) = preSolution
		HideSolutionNode = FALSE
	EndGlobalSection
	GlobalSection(NestedProjects) = preSolution
		{54776686-B6D9-4BAB-961B-978CB2E8A4B5} = {344843E3-3EB5-4D58-9899-75D216F2FB59}
		{C439A2B9-B37A-4094-B782-E77A542F0C8E} = {344843E3-3EB5-4D58-9899-75D216F2FB59}
		{65B5991A-0D6B-49F5-A5CD-484E2182DB8D} = {344843E3-3EB5-4D58-9899-75D216F2FB59}
		{4546856D-EA50-45C6-9419-EEEACB5A80AA} = {BC1BD071-C24C-4358-A398-28E9E387D22E}
		{DF9C43F0-ADD3-4FBF-995E-84B92F9CBF25} = {BC1BD071-C24C-4358-A398-28E9E387D22E}
	EndGlobalSection
	GlobalSection(ExtensibilityGlobals) = postSolution
		SolutionGuid = {24A680D7-947B-40DB-8802-349989331AFD}
	EndGlobalSection
	GlobalSection(SharedMSBuildProjectFiles) = preSolution
		Shared\UiPath.Shared.Activities\UiPath.Shared.Activities.projitems*{4546856d-ea50-45c6-9419-eeeacb5a80aa}*SharedItemsImports = 13
		Shared\UiPath.Shared.Activities.Design\UiPath.Shared.Activities.Design.projitems*{65b5991a-0d6b-49f5-a5cd-484e2182db8d}*SharedItemsImports = 5
		Shared\UiPath.Shared.Activities\UiPath.Shared.Activities.projitems*{c439a2b9-b37a-4094-b782-e77a542f0c8e}*SharedItemsImports = 5
		Shared\UiPath.Shared.Activities.Design\UiPath.Shared.Activities.Design.projitems*{df9c43f0-add3-4fbf-995e-84b92f9cbf25}*SharedItemsImports = 13
	EndGlobalSection
EndGlobal
