
Microsoft Visual Studio Solution File, Format Version 12.00
# Visual Studio Version 17
VisualStudioVersion = 17.3.32922.545
MinimumVisualStudioVersion = 10.0.40219.1
Project("{2150E333-8FDC-42A3-9474-1A3956D46DE8}") = "_4thIR.ObjectDetectY4", "_4thIR.ObjectDetectY4", "{AC1C5B4C-D6C8-4EF4-8CC6-214DE24FDF90}"
EndProject
Project("{FAE04EC0-301F-11D3-BF4B-00C04F79EFBC}") = "_4thIR.ObjectDetectY4", "4thIR.ObjectDetectY4\_4thIR.ObjectDetectY4\_4thIR.ObjectDetectY4.csproj", "{ECE7220A-CF91-46FA-9984-85645AE8581B}"
EndProject
Project("{FAE04EC0-301F-11D3-BF4B-00C04F79EFBC}") = "_4thIR.ObjectDetectY4.Activities", "4thIR.ObjectDetectY4\_4thIR.ObjectDetectY4.Activities\_4thIR.ObjectDetectY4.Activities.csproj", "{C3AF0C0A-6A6E-4314-BC01-72054E11062C}"
EndProject
Project("{FAE04EC0-301F-11D3-BF4B-00C04F79EFBC}") = "_4thIR.ObjectDetectY4.Activities.Design", "4thIR.ObjectDetectY4\_4thIR.ObjectDetectY4.Activities.Design\_4thIR.ObjectDetectY4.Activities.Design.csproj", "{C07CD6F3-447E-47D0-ACFC-474E13784BEB}"
EndProject
Project("{2150E333-8FDC-42A3-9474-1A3956D46DE8}") = "Shared", "Shared", "{C24FE765-B27B-4D91-93E2-3F2EDB739B47}"
EndProject
Project("{D954291E-2A0B-460D-934E-DC6B0785DB48}") = "UiPath.Shared.Activities", "Shared\UiPath.Shared.Activities\UiPath.Shared.Activities.shproj", "{4546856D-EA50-45C6-9419-EEEACB5A80AA}"
EndProject
Project("{D954291E-2A0B-460D-934E-DC6B0785DB48}") = "UiPath.Shared.Activities.Design", "Shared\UiPath.Shared.Activities.Design\UiPath.Shared.Activities.Design.shproj", "{DF9C43F0-ADD3-4FBF-995E-84B92F9CBF25}"
EndProject
Global
	GlobalSection(SolutionConfigurationPlatforms) = preSolution
		Debug|Any CPU = Debug|Any CPU
		Release|Any CPU = Release|Any CPU
	EndGlobalSection
	GlobalSection(ProjectConfigurationPlatforms) = postSolution
		{ECE7220A-CF91-46FA-9984-85645AE8581B}.Debug|Any CPU.ActiveCfg = Debug|Any CPU
		{ECE7220A-CF91-46FA-9984-85645AE8581B}.Debug|Any CPU.Build.0 = Debug|Any CPU
		{ECE7220A-CF91-46FA-9984-85645AE8581B}.Release|Any CPU.ActiveCfg = Release|Any CPU
		{ECE7220A-CF91-46FA-9984-85645AE8581B}.Release|Any CPU.Build.0 = Release|Any CPU
		{C3AF0C0A-6A6E-4314-BC01-72054E11062C}.Debug|Any CPU.ActiveCfg = Debug|Any CPU
		{C3AF0C0A-6A6E-4314-BC01-72054E11062C}.Debug|Any CPU.Build.0 = Debug|Any CPU
		{C3AF0C0A-6A6E-4314-BC01-72054E11062C}.Release|Any CPU.ActiveCfg = Release|Any CPU
		{C3AF0C0A-6A6E-4314-BC01-72054E11062C}.Release|Any CPU.Build.0 = Release|Any CPU
		{C07CD6F3-447E-47D0-ACFC-474E13784BEB}.Debug|Any CPU.ActiveCfg = Debug|Any CPU
		{C07CD6F3-447E-47D0-ACFC-474E13784BEB}.Debug|Any CPU.Build.0 = Debug|Any CPU
		{C07CD6F3-447E-47D0-ACFC-474E13784BEB}.Release|Any CPU.ActiveCfg = Release|Any CPU
		{C07CD6F3-447E-47D0-ACFC-474E13784BEB}.Release|Any CPU.Build.0 = Release|Any CPU
	EndGlobalSection
	GlobalSection(SolutionProperties) = preSolution
		HideSolutionNode = FALSE
	EndGlobalSection
	GlobalSection(NestedProjects) = preSolution
		{ECE7220A-CF91-46FA-9984-85645AE8581B} = {AC1C5B4C-D6C8-4EF4-8CC6-214DE24FDF90}
		{C3AF0C0A-6A6E-4314-BC01-72054E11062C} = {AC1C5B4C-D6C8-4EF4-8CC6-214DE24FDF90}
		{C07CD6F3-447E-47D0-ACFC-474E13784BEB} = {AC1C5B4C-D6C8-4EF4-8CC6-214DE24FDF90}
		{4546856D-EA50-45C6-9419-EEEACB5A80AA} = {C24FE765-B27B-4D91-93E2-3F2EDB739B47}
		{DF9C43F0-ADD3-4FBF-995E-84B92F9CBF25} = {C24FE765-B27B-4D91-93E2-3F2EDB739B47}
	EndGlobalSection
	GlobalSection(ExtensibilityGlobals) = postSolution
		SolutionGuid = {30977D15-FC7B-412B-9813-59EA73C3A657}
	EndGlobalSection
	GlobalSection(SharedMSBuildProjectFiles) = preSolution
		Shared\UiPath.Shared.Activities\UiPath.Shared.Activities.projitems*{4546856d-ea50-45c6-9419-eeeacb5a80aa}*SharedItemsImports = 13
		Shared\UiPath.Shared.Activities.Design\UiPath.Shared.Activities.Design.projitems*{c07cd6f3-447e-47d0-acfc-474e13784beb}*SharedItemsImports = 5
		Shared\UiPath.Shared.Activities\UiPath.Shared.Activities.projitems*{c3af0c0a-6a6e-4314-bc01-72054e11062c}*SharedItemsImports = 5
		Shared\UiPath.Shared.Activities.Design\UiPath.Shared.Activities.Design.projitems*{df9c43f0-add3-4fbf-995e-84b92f9cbf25}*SharedItemsImports = 13
	EndGlobalSection
EndGlobal
