
Microsoft Visual Studio Solution File, Format Version 12.00
# Visual Studio Version 17
VisualStudioVersion = 17.3.32922.545
MinimumVisualStudioVersion = 10.0.40219.1
Project("{2150E333-8FDC-42A3-9474-1A3956D46DE8}") = "_4thIR.TextComparison", "_4thIR.TextComparison", "{6407CA6E-78C6-44FD-8FDC-FC564185D224}"
EndProject
Project("{FAE04EC0-301F-11D3-BF4B-00C04F79EFBC}") = "_4thIR.TextComparison", "4thIR.TextComparison\_4thIR.TextComparison\_4thIR.TextComparison.csproj", "{82E013F2-C49E-4C4D-9C21-7D218ECE48AF}"
EndProject
Project("{FAE04EC0-301F-11D3-BF4B-00C04F79EFBC}") = "_4thIR.TextComparison.Activities", "4thIR.TextComparison\_4thIR.TextComparison.Activities\_4thIR.TextComparison.Activities.csproj", "{D83D8C2B-8C1D-482C-8158-8ABE73F0FF3B}"
EndProject
Project("{FAE04EC0-301F-11D3-BF4B-00C04F79EFBC}") = "_4thIR.TextComparison.Activities.Design", "4thIR.TextComparison\_4thIR.TextComparison.Activities.Design\_4thIR.TextComparison.Activities.Design.csproj", "{AFA97269-DFD6-41E1-A000-170197495FED}"
EndProject
Project("{2150E333-8FDC-42A3-9474-1A3956D46DE8}") = "Shared", "Shared", "{C23D0D6C-23D7-4657-B199-51B83D406094}"
EndProject
Project("{D954291E-2A0B-460D-934E-DC6B0785DB48}") = "UiPath.Shared.Activities", "Shared\UiPath.Shared.Activities\UiPath.Shared.Activities.shproj", "{4546856D-EA50-45C6-9419-EEEACB5A80AA}"
EndProject
Project("{D954291E-2A0B-460D-934E-DC6B0785DB48}") = "UiPath.Shared.Activities.Design", "Shared\UiPath.Shared.Activities.Design\UiPath.Shared.Activities.Design.shproj", "{DF9C43F0-ADD3-4FBF-995E-84B92F9CBF25}"
EndProject
Global
	GlobalSection(SolutionConfigurationPlatforms) = preSolution
		Debug|Any CPU = Debug|Any CPU
		Release|Any CPU = Release|Any CPU
	EndGlobalSection
	GlobalSection(ProjectConfigurationPlatforms) = postSolution
		{82E013F2-C49E-4C4D-9C21-7D218ECE48AF}.Debug|Any CPU.ActiveCfg = Debug|Any CPU
		{82E013F2-C49E-4C4D-9C21-7D218ECE48AF}.Debug|Any CPU.Build.0 = Debug|Any CPU
		{82E013F2-C49E-4C4D-9C21-7D218ECE48AF}.Release|Any CPU.ActiveCfg = Release|Any CPU
		{82E013F2-C49E-4C4D-9C21-7D218ECE48AF}.Release|Any CPU.Build.0 = Release|Any CPU
		{D83D8C2B-8C1D-482C-8158-8ABE73F0FF3B}.Debug|Any CPU.ActiveCfg = Debug|Any CPU
		{D83D8C2B-8C1D-482C-8158-8ABE73F0FF3B}.Debug|Any CPU.Build.0 = Debug|Any CPU
		{D83D8C2B-8C1D-482C-8158-8ABE73F0FF3B}.Release|Any CPU.ActiveCfg = Release|Any CPU
		{D83D8C2B-8C1D-482C-8158-8ABE73F0FF3B}.Release|Any CPU.Build.0 = Release|Any CPU
		{AFA97269-DFD6-41E1-A000-170197495FED}.Debug|Any CPU.ActiveCfg = Debug|Any CPU
		{AFA97269-DFD6-41E1-A000-170197495FED}.Debug|Any CPU.Build.0 = Debug|Any CPU
		{AFA97269-DFD6-41E1-A000-170197495FED}.Release|Any CPU.ActiveCfg = Release|Any CPU
		{AFA97269-DFD6-41E1-A000-170197495FED}.Release|Any CPU.Build.0 = Release|Any CPU
	EndGlobalSection
	GlobalSection(SolutionProperties) = preSolution
		HideSolutionNode = FALSE
	EndGlobalSection
	GlobalSection(NestedProjects) = preSolution
		{82E013F2-C49E-4C4D-9C21-7D218ECE48AF} = {6407CA6E-78C6-44FD-8FDC-FC564185D224}
		{D83D8C2B-8C1D-482C-8158-8ABE73F0FF3B} = {6407CA6E-78C6-44FD-8FDC-FC564185D224}
		{AFA97269-DFD6-41E1-A000-170197495FED} = {6407CA6E-78C6-44FD-8FDC-FC564185D224}
		{4546856D-EA50-45C6-9419-EEEACB5A80AA} = {C23D0D6C-23D7-4657-B199-51B83D406094}
		{DF9C43F0-ADD3-4FBF-995E-84B92F9CBF25} = {C23D0D6C-23D7-4657-B199-51B83D406094}
	EndGlobalSection
	GlobalSection(ExtensibilityGlobals) = postSolution
		SolutionGuid = {86CB3247-4A29-4C78-9F91-E7816391DC9E}
	EndGlobalSection
	GlobalSection(SharedMSBuildProjectFiles) = preSolution
		Shared\UiPath.Shared.Activities\UiPath.Shared.Activities.projitems*{4546856d-ea50-45c6-9419-eeeacb5a80aa}*SharedItemsImports = 13
		Shared\UiPath.Shared.Activities.Design\UiPath.Shared.Activities.Design.projitems*{afa97269-dfd6-41e1-a000-170197495fed}*SharedItemsImports = 5
		Shared\UiPath.Shared.Activities\UiPath.Shared.Activities.projitems*{d83d8c2b-8c1d-482c-8158-8abe73f0ff3b}*SharedItemsImports = 5
		Shared\UiPath.Shared.Activities.Design\UiPath.Shared.Activities.Design.projitems*{df9c43f0-add3-4fbf-995e-84b92f9cbf25}*SharedItemsImports = 13
	EndGlobalSection
EndGlobal
